
Microsoft Visual Studio Solution File, Format Version 12.00
# Visual Studio Version 16
VisualStudioVersion = 16.0.29418.71
MinimumVisualStudioVersion = 10.0.40219.1
Project("{FAE04EC0-301F-11D3-BF4B-00C04F79EFBC}") = "KassenSystem", "KassenSystem\KassenSystem.csproj", "{04BCD3CE-090A-4375-857A-0D83E6FF23FF}"
EndProject
Global
	GlobalSection(SolutionConfigurationPlatforms) = preSolution
		Debug|Any CPU = Debug|Any CPU
		Release|Any CPU = Release|Any CPU
	EndGlobalSection
	GlobalSection(ProjectConfigurationPlatforms) = postSolution
		{04BCD3CE-090A-4375-857A-0D83E6FF23FF}.Debug|Any CPU.ActiveCfg = Debug|Any CPU
		{04BCD3CE-090A-4375-857A-0D83E6FF23FF}.Debug|Any CPU.Build.0 = Debug|Any CPU
		{04BCD3CE-090A-4375-857A-0D83E6FF23FF}.Release|Any CPU.ActiveCfg = Release|Any CPU
		{04BCD3CE-090A-4375-857A-0D83E6FF23FF}.Release|Any CPU.Build.0 = Release|Any CPU
	EndGlobalSection
	GlobalSection(SolutionProperties) = preSolution
		HideSolutionNode = FALSE
	EndGlobalSection
	GlobalSection(ExtensibilityGlobals) = postSolution
		SolutionGuid = {C21AE143-F4ED-4E52-95A7-C6A5B496D33A}
	EndGlobalSection
EndGlobal
